
Microsoft Visual Studio Solution File, Format Version 12.00
# Visual Studio Version 17
VisualStudioVersion = 17.8.34330.188
MinimumVisualStudioVersion = 10.0.40219.1
Project("{FAE04EC0-301F-11D3-BF4B-00C04F79EFBC}") = "06.HotChocolate", "06.HotChocolate\06.HotChocolate.csproj", "{701F919D-190B-4109-B7D3-5F857E305B50}"
EndProject
Global
	GlobalSection(SolutionConfigurationPlatforms) = preSolution
		Debug|Any CPU = Debug|Any CPU
		Release|Any CPU = Release|Any CPU
	EndGlobalSection
	GlobalSection(ProjectConfigurationPlatforms) = postSolution
		{701F919D-190B-4109-B7D3-5F857E305B50}.Debug|Any CPU.ActiveCfg = Debug|Any CPU
		{701F919D-190B-4109-B7D3-5F857E305B50}.Debug|Any CPU.Build.0 = Debug|Any CPU
		{701F919D-190B-4109-B7D3-5F857E305B50}.Release|Any CPU.ActiveCfg = Release|Any CPU
		{701F919D-190B-4109-B7D3-5F857E305B50}.Release|Any CPU.Build.0 = Release|Any CPU
	EndGlobalSection
	GlobalSection(SolutionProperties) = preSolution
		HideSolutionNode = FALSE
	EndGlobalSection
	GlobalSection(ExtensibilityGlobals) = postSolution
		SolutionGuid = {D4B4E78A-A9B8-430F-919C-804AE9A814BA}
	EndGlobalSection
EndGlobal
